{
  "name": "lockfile-false-positive-test",
  "version": "1.0.0",
  "lockfileVersion": 2,
  "requires": true,
  "packages": {
    "": {
      "name": "lockfile-false-positive-test",
      "version": "1.0.0",
      "dependencies": {
        "some-package": "^3.1.1",
        "color-convert": "^1.9.3"
      }
    },
    "node_modules/some-package": {
      "version": "3.1.1",
      "resolved": "https://registry.npmjs.org/some-package/-/some-package-3.1.1.tgz",
      "dependencies": {
        "color-convert": "^1.9.3"
      }
    },
    "node_modules/color-convert": {
      "version": "1.9.3",
      "resolved": "https://registry.npmjs.org/color-convert/-/color-convert-1.9.3.tgz",
      "integrity": "sha512-something-here"
    }
  },
  "dependencies": {
    "some-package": {
      "version": "3.1.1",
      "requires": {
        "color-convert": "^1.9.3"
      }
    },
    "color-convert": {
      "version": "1.9.3"
    }
  }
}